
Microsoft Visual Studio Solution File, Format Version 12.00
# Visual Studio Version 16
VisualStudioVersion = 16.0.32106.194
MinimumVisualStudioVersion = 10.0.40219.1
Project("{FAE04EC0-301F-11D3-BF4B-00C04F79EFBC}") = "Пр10 (Синюкова)", "Пр10 (Синюкова)\Пр10 (Синюкова).csproj", "{52B4558E-4E04-4A85-9040-B0ACB8AC921C}"
EndProject
Global
	GlobalSection(SolutionConfigurationPlatforms) = preSolution
		Debug|Any CPU = Debug|Any CPU
		Release|Any CPU = Release|Any CPU
	EndGlobalSection
	GlobalSection(ProjectConfigurationPlatforms) = postSolution
		{52B4558E-4E04-4A85-9040-B0ACB8AC921C}.Debug|Any CPU.ActiveCfg = Debug|Any CPU
		{52B4558E-4E04-4A85-9040-B0ACB8AC921C}.Debug|Any CPU.Build.0 = Debug|Any CPU
		{52B4558E-4E04-4A85-9040-B0ACB8AC921C}.Release|Any CPU.ActiveCfg = Release|Any CPU
		{52B4558E-4E04-4A85-9040-B0ACB8AC921C}.Release|Any CPU.Build.0 = Release|Any CPU
	EndGlobalSection
	GlobalSection(SolutionProperties) = preSolution
		HideSolutionNode = FALSE
	EndGlobalSection
	GlobalSection(ExtensibilityGlobals) = postSolution
		SolutionGuid = {6CC24EAB-2F32-42E5-9C35-981FF1AB9991}
	EndGlobalSection
EndGlobal
